
Microsoft Visual Studio Solution File, Format Version 12.00
# Visual Studio Version 17
VisualStudioVersion = 17.14.36717.8 d17.14
MinimumVisualStudioVersion = 10.0.40219.1
Project("{FAE04EC0-301F-11D3-BF4B-00C04F79EFBC}") = "PrimeiroApp", "PrimeiroApp\PrimeiroApp.csproj", "{1DE744D3-18AB-4A87-9547-1749AA98F28E}"
EndProject
Global
	GlobalSection(SolutionConfigurationPlatforms) = preSolution
		Debug|Any CPU = Debug|Any CPU
		Release|Any CPU = Release|Any CPU
	EndGlobalSection
	GlobalSection(ProjectConfigurationPlatforms) = postSolution
		{1DE744D3-18AB-4A87-9547-1749AA98F28E}.Debug|Any CPU.ActiveCfg = Debug|Any CPU
		{1DE744D3-18AB-4A87-9547-1749AA98F28E}.Debug|Any CPU.Build.0 = Debug|Any CPU
		{1DE744D3-18AB-4A87-9547-1749AA98F28E}.Release|Any CPU.ActiveCfg = Release|Any CPU
		{1DE744D3-18AB-4A87-9547-1749AA98F28E}.Release|Any CPU.Build.0 = Release|Any CPU
	EndGlobalSection
	GlobalSection(SolutionProperties) = preSolution
		HideSolutionNode = FALSE
	EndGlobalSection
	GlobalSection(ExtensibilityGlobals) = postSolution
		SolutionGuid = {2DDC0191-48AA-40EE-9E94-3ACA1BBC562A}
	EndGlobalSection
EndGlobal
